
Microsoft Visual Studio Solution File, Format Version 12.00
# Visual Studio Version 17
VisualStudioVersion = 17.7.34202.233
MinimumVisualStudioVersion = 10.0.40219.1
Project("{9A19103F-16F7-4668-BE54-9A1E7A4F7556}") = "TreeHugger", "TreeHugger\TreeHugger.csproj", "{DAAF0A3E-E93D-4EEE-A18D-FDF9A5BC1DA3}"
EndProject
Global
	GlobalSection(SolutionConfigurationPlatforms) = preSolution
		Debug|Any CPU = Debug|Any CPU
		Release|Any CPU = Release|Any CPU
	EndGlobalSection
	GlobalSection(ProjectConfigurationPlatforms) = postSolution
		{DAAF0A3E-E93D-4EEE-A18D-FDF9A5BC1DA3}.Debug|Any CPU.ActiveCfg = Debug|Any CPU
		{DAAF0A3E-E93D-4EEE-A18D-FDF9A5BC1DA3}.Debug|Any CPU.Build.0 = Debug|Any CPU
		{DAAF0A3E-E93D-4EEE-A18D-FDF9A5BC1DA3}.Debug|Any CPU.Deploy.0 = Debug|Any CPU
		{DAAF0A3E-E93D-4EEE-A18D-FDF9A5BC1DA3}.Release|Any CPU.ActiveCfg = Release|Any CPU
		{DAAF0A3E-E93D-4EEE-A18D-FDF9A5BC1DA3}.Release|Any CPU.Build.0 = Release|Any CPU
	EndGlobalSection
	GlobalSection(SolutionProperties) = preSolution
		HideSolutionNode = FALSE
	EndGlobalSection
	GlobalSection(ExtensibilityGlobals) = postSolution
		SolutionGuid = {6AF2BAA3-B4A1-485D-8DFE-67FBF58B5825}
	EndGlobalSection
EndGlobal
